
Microsoft Visual Studio Solution File, Format Version 12.00
# Visual Studio Version 17
VisualStudioVersion = 17.0.32112.339
MinimumVisualStudioVersion = 10.0.40219.1
Project("{F2A71F9B-5D33-465A-A702-920D77279786}") = "Felize.Syncfusion", "Felize.Syncfusion\Felize.Syncfusion.fsproj", "{091FCCE3-26F1-428C-AC3A-7C23B9B18B77}"
EndProject
Global
	GlobalSection(SolutionConfigurationPlatforms) = preSolution
		Debug|Any CPU = Debug|Any CPU
		Release|Any CPU = Release|Any CPU
	EndGlobalSection
	GlobalSection(ProjectConfigurationPlatforms) = postSolution
		{091FCCE3-26F1-428C-AC3A-7C23B9B18B77}.Debug|Any CPU.ActiveCfg = Debug|Any CPU
		{091FCCE3-26F1-428C-AC3A-7C23B9B18B77}.Debug|Any CPU.Build.0 = Debug|Any CPU
		{091FCCE3-26F1-428C-AC3A-7C23B9B18B77}.Release|Any CPU.ActiveCfg = Release|Any CPU
		{091FCCE3-26F1-428C-AC3A-7C23B9B18B77}.Release|Any CPU.Build.0 = Release|Any CPU
	EndGlobalSection
	GlobalSection(SolutionProperties) = preSolution
		HideSolutionNode = FALSE
	EndGlobalSection
	GlobalSection(ExtensibilityGlobals) = postSolution
		SolutionGuid = {5117B7DB-B18D-4518-BAAA-41DE46443E2F}
	EndGlobalSection
EndGlobal
